{
  "name": "everything-cli",
  "version": "0.1.0",
  "lockfileVersion": 3,
  "requires": true,
  "packages": {
    "": {
      "name": "everything-cli",
      "version": "0.1.0",
      "license": "MIT",
      "bin": {
        "everything-cli": "bin/everything-cli.js"
      },
      "engines": {
        "node": ">=20"
      }
    }
  }
}
