{
  "name": "@icyouo/evt-cli",
  "version": "0.1.1",
  "lockfileVersion": 3,
  "requires": true,
  "packages": {
    "": {
      "name": "@icyouo/evt-cli",
      "version": "0.1.1",
      "license": "MIT",
      "bin": {
        "evt": "bin/evt.js"
      },
      "engines": {
        "node": ">=20"
      }
    }
  }
}
